
Microsoft Visual Studio Solution File, Format Version 12.00
# Visual Studio 14
VisualStudioVersion = 14.0.23107.0
MinimumVisualStudioVersion = 10.0.40219.1
Project("{8BC9CEB8-8B4A-11D0-8D11-00A0C91BC942}") = "ListAPI", "ListAPI\ListAPI.vcxproj", "{1FB4B281-017A-4CA9-AACB-10BCA324BDEF}"
EndProject
Project("{8BC9CEB8-8B4A-11D0-8D11-00A0C91BC942}") = "StackAPI", "StackAPI\StackAPI.vcxproj", "{19ABB8EE-C7BC-4749-91B8-BC214A0A7A1A}"
EndProject
Global
	GlobalSection(SolutionConfigurationPlatforms) = preSolution
		Debug|x64 = Debug|x64
		Debug|x86 = Debug|x86
		Release|x64 = Release|x64
		Release|x86 = Release|x86
	EndGlobalSection
	GlobalSection(ProjectConfigurationPlatforms) = postSolution
		{1FB4B281-017A-4CA9-AACB-10BCA324BDEF}.Debug|x64.ActiveCfg = Debug|x64
		{1FB4B281-017A-4CA9-AACB-10BCA324BDEF}.Debug|x64.Build.0 = Debug|x64
		{1FB4B281-017A-4CA9-AACB-10BCA324BDEF}.Debug|x86.ActiveCfg = Debug|Win32
		{1FB4B281-017A-4CA9-AACB-10BCA324BDEF}.Debug|x86.Build.0 = Debug|Win32
		{1FB4B281-017A-4CA9-AACB-10BCA324BDEF}.Release|x64.ActiveCfg = Release|x64
		{1FB4B281-017A-4CA9-AACB-10BCA324BDEF}.Release|x64.Build.0 = Release|x64
		{1FB4B281-017A-4CA9-AACB-10BCA324BDEF}.Release|x86.ActiveCfg = Release|Win32
		{1FB4B281-017A-4CA9-AACB-10BCA324BDEF}.Release|x86.Build.0 = Release|Win32
		{19ABB8EE-C7BC-4749-91B8-BC214A0A7A1A}.Debug|x64.ActiveCfg = Debug|x64
		{19ABB8EE-C7BC-4749-91B8-BC214A0A7A1A}.Debug|x64.Build.0 = Debug|x64
		{19ABB8EE-C7BC-4749-91B8-BC214A0A7A1A}.Debug|x86.ActiveCfg = Debug|Win32
		{19ABB8EE-C7BC-4749-91B8-BC214A0A7A1A}.Debug|x86.Build.0 = Debug|Win32
		{19ABB8EE-C7BC-4749-91B8-BC214A0A7A1A}.Release|x64.ActiveCfg = Release|x64
		{19ABB8EE-C7BC-4749-91B8-BC214A0A7A1A}.Release|x64.Build.0 = Release|x64
		{19ABB8EE-C7BC-4749-91B8-BC214A0A7A1A}.Release|x86.ActiveCfg = Release|Win32
		{19ABB8EE-C7BC-4749-91B8-BC214A0A7A1A}.Release|x86.Build.0 = Release|Win32
	EndGlobalSection
	GlobalSection(SolutionProperties) = preSolution
		HideSolutionNode = FALSE
	EndGlobalSection
EndGlobal
